// !$*UTF8*$!
{
	archiveVersion = 1;
	classes = {
	};
	objectVersion = 77;
	objects = {

/* Begin PBXBuildFile section */
		0322BB7B8C45069B5AEBC272 /* UserCurrencyEntity+CoreDataClass.swift in Sources */ = {isa = PBXBuildFile; fileRef = FDEF3F07AE512E2B9B29012F /* UserCurrencyEntity+CoreDataClass.swift */; };
		05046AECF787DF0509CF2A24 /* BackgroundService.swift in Sources */ = {isa = PBXBuildFile; fileRef = 3265FDF798774107AFE72B12 /* BackgroundService.swift */; };
		0836340A7C6462AFC164ED2D /* ConversionService.swift in Sources */ = {isa = PBXBuildFile; fileRef = AB10EB238E92F1D9E0096C61 /* ConversionService.swift */; };
		1C28EAAC1606CDCB290FCD81 /* Pods_Convertik.framework in Frameworks */ = {isa = PBXBuildFile; fileRef = 9F375EEE77199B19B5A09EE9 /* Pods_Convertik.framework */; };
		1CC6FA46CECBAADD322235DC /* ConvertikApp.swift in Sources */ = {isa = PBXBuildFile; fileRef = AFD2C577D0DE55594174D842 /* ConvertikApp.swift */; };
		1D1EB01E574640E97C294B85 /* AnalyticsService.swift in Sources */ = {isa = PBXBuildFile; fileRef = C20D9C352254817F4E94C43E /* AnalyticsService.swift */; };
		1FB87A221B2CE1CF11E2D7DD /* MainListViewModel.swift in Sources */ = {isa = PBXBuildFile; fileRef = D73E5ACE20DAD35FFAAE0144 /* MainListViewModel.swift */; };
		2393D02538B9B19C30B8BBAF /* Assets.xcassets in Resources */ = {isa = PBXBuildFile; fileRef = D06801B82FB7652D862A9C9F /* Assets.xcassets */; };
		29DD1882E34C49055649EB54 /* InterstitialAdService.swift in Sources */ = {isa = PBXBuildFile; fileRef = CFC5246EE34A33B59848B671 /* InterstitialAdService.swift */; };
		2D043751FE6557E89C01737B /* ContentView.swift in Sources */ = {isa = PBXBuildFile; fileRef = 44174054BC9B82F8B106F95C /* ContentView.swift */; };
		30BA57E082106645B503A1CC /* CurrencyRowView.swift in Sources */ = {isa = PBXBuildFile; fileRef = 2683A09A4E9C65626B63B3A1 /* CurrencyRowView.swift */; };
		317DFF6066A9CC4F7032B311 /* ThemeService.swift in Sources */ = {isa = PBXBuildFile; fileRef = B1B9E0E86D99C1352D92E139 /* ThemeService.swift */; };
		394FAE3B16182B97A9E5AB36 /* RatesRepository.swift in Sources */ = {isa = PBXBuildFile; fileRef = B702A6BB882C5E80F08E0946 /* RatesRepository.swift */; };
		3B1A8BF3673395BEC4BB8A0F /* SceneDelegate.swift in Sources */ = {isa = PBXBuildFile; fileRef = B53F6DA502B4C0C957A8D894 /* SceneDelegate.swift */; };
		445855EBDB6D64A7E92C4FC9 /* ConvertikDataModel.xcdatamodeld in Sources */ = {isa = PBXBuildFile; fileRef = C06E3EA188107AA572C815BD /* ConvertikDataModel.xcdatamodeld */; };
		44F8AD80F19AC341E577DBF1 /* AdConfig.swift in Sources */ = {isa = PBXBuildFile; fileRef = 16D84348B0424DE7F836E0A4 /* AdConfig.swift */; };
		494E156B5D9F8CE039E39389 /* InterstitialAdView.swift in Sources */ = {isa = PBXBuildFile; fileRef = 0A09C2BF894B84AC3983A0A7 /* InterstitialAdView.swift */; };
		4C350EE09AFCD07A83E0305B /* SettingsView.swift in Sources */ = {isa = PBXBuildFile; fileRef = 4A04636B9485BA6486314D9E /* SettingsView.swift */; };
		4E1B5CA7BE775D506A574B81 /* APIService.swift in Sources */ = {isa = PBXBuildFile; fileRef = DB0D1F118510CA58BBA43556 /* APIService.swift */; };
		4E7CE3422E39B32F07A276C4 /* star_premium_clean_1024x1024.png in Resources */ = {isa = PBXBuildFile; fileRef = 2BD8241A50096A073B3DDAD6 /* star_premium_clean_1024x1024.png */; };
		5BCC914FD6646725C1419192 /* UserCurrency.swift in Sources */ = {isa = PBXBuildFile; fileRef = DA4A2E9A88A1DE59C2C8F526 /* UserCurrency.swift */; };
		6E9A1C416722426FC639EB5D /* PaywallView.swift in Sources */ = {isa = PBXBuildFile; fileRef = C0FD5CAACC7D2C5F0DFDD65B /* PaywallView.swift */; };
		718BECCAEC85D8A5A413AA7E /* Components.swift in Sources */ = {isa = PBXBuildFile; fileRef = 2A1B2B61DCAF110550897C8A /* Components.swift */; };
		789D40E36A4B3DDA2256F57F /* StoreService.swift in Sources */ = {isa = PBXBuildFile; fileRef = D58AF660130C11D152C46CD0 /* StoreService.swift */; };
		7A3C7B0F512A5CF88B73B38E /* UpdateRequiredView.swift in Sources */ = {isa = PBXBuildFile; fileRef = 1EEB2901D7848058D7CC2AAD /* UpdateRequiredView.swift */; };
		7D6D3429C6A74506711414FF /* ThemePreviewView.swift in Sources */ = {isa = PBXBuildFile; fileRef = CA0DF738BEE5ABE3E5C725DA /* ThemePreviewView.swift */; };
		7F154D44926A74B9BA9DF17D /* DesignSystem.swift in Sources */ = {isa = PBXBuildFile; fileRef = 5922C4142D30494A520B5D2A /* DesignSystem.swift */; };
		92CAA73AA6BC3E0BE4ABBB91 /* RateEntity+CoreDataClass.swift in Sources */ = {isa = PBXBuildFile; fileRef = B09C49DACA90E8BFC7C32EF8 /* RateEntity+CoreDataClass.swift */; };
		99AAF8EAD2EDAEF3475E5738 /* RewardedAdService.swift in Sources */ = {isa = PBXBuildFile; fileRef = 278280FD697FEDD79881D094 /* RewardedAdService.swift */; };
		B60BC683B933A594007EC707 /* SettingsService.swift in Sources */ = {isa = PBXBuildFile; fileRef = 68C1170118A2AF2DADBB5BB4 /* SettingsService.swift */; };
		B73941EEDBDFEF590ED1825C /* MainListView.swift in Sources */ = {isa = PBXBuildFile; fileRef = 500B712C20EAD921F549D121 /* MainListView.swift */; };
		C6084E773F4DF76BA50AE61D /* AdBannerRepresentable.swift in Sources */ = {isa = PBXBuildFile; fileRef = 58DB194544F7A0CBEB93C5D2 /* AdBannerRepresentable.swift */; };
		D0DC1E84340142E9623A8773 /* Rate.swift in Sources */ = {isa = PBXBuildFile; fileRef = C34595F1F0E2E1951ED9BA3D /* Rate.swift */; };
		D2CA80A623A501314A0291E1 /* star_premium_clean.svg in Resources */ = {isa = PBXBuildFile; fileRef = E5F3FF07B4AA25A2E65F8E90 /* star_premium_clean.svg */; };
		D315ECC53E9CDB4D40642BAF /* ColorPalette.swift in Sources */ = {isa = PBXBuildFile; fileRef = 48C60DB4F9775E4EBA8FA59A /* ColorPalette.swift */; };
		D8474A5BED2FAA3C8D6AB3D0 /* APIModels.swift in Sources */ = {isa = PBXBuildFile; fileRef = EFB013420F27F0AB42BA95CD /* APIModels.swift */; };
		DECE878E800CF5177DDF5E69 /* AdBannerView.swift in Sources */ = {isa = PBXBuildFile; fileRef = 39E704D05FFEDDB62D9DEF9E /* AdBannerView.swift */; };
		E9E69A99A4050B4AEE799027 /* CoreDataStack.swift in Sources */ = {isa = PBXBuildFile; fileRef = 7392B7CF6A4D52D513E98643 /* CoreDataStack.swift */; };
		ED2DF4A6B3C468556F58CA6B /* AddCurrencyView.swift in Sources */ = {isa = PBXBuildFile; fileRef = 141704D4367968EBA2F4C8CC /* AddCurrencyView.swift */; };
		F0876FD22A108E259061B896 /* RewardedAdView.swift in Sources */ = {isa = PBXBuildFile; fileRef = 1DB1D74438267828D1D72F7F /* RewardedAdView.swift */; };
		FDC63EA1933637944ED40D0F /* AdService.swift in Sources */ = {isa = PBXBuildFile; fileRef = 1F8A7C4918F704152B465049 /* AdService.swift */; };
/* End PBXBuildFile section */

/* Begin PBXFileReference section */
		021A98A91508174819004D2D /* Pods-Convertik.release.xcconfig */ = {isa = PBXFileReference; includeInIndex = 1; lastKnownFileType = text.xcconfig; name = "Pods-Convertik.release.xcconfig"; path = "Target Support Files/Pods-Convertik/Pods-Convertik.release.xcconfig"; sourceTree = "<group>"; };
		0A09C2BF894B84AC3983A0A7 /* InterstitialAdView.swift */ = {isa = PBXFileReference; lastKnownFileType = sourcecode.swift; path = InterstitialAdView.swift; sourceTree = "<group>"; };
		0FEB0BE19F505968DF78424D /* Pods-Convertik.debugold.xcconfig */ = {isa = PBXFileReference; includeInIndex = 1; lastKnownFileType = text.xcconfig; name = "Pods-Convertik.debugold.xcconfig"; path = "Target Support Files/Pods-Convertik/Pods-Convertik.debugold.xcconfig"; sourceTree = "<group>"; };
		141704D4367968EBA2F4C8CC /* AddCurrencyView.swift */ = {isa = PBXFileReference; lastKnownFileType = sourcecode.swift; path = AddCurrencyView.swift; sourceTree = "<group>"; };
		16D84348B0424DE7F836E0A4 /* AdConfig.swift */ = {isa = PBXFileReference; lastKnownFileType = sourcecode.swift; path = AdConfig.swift; sourceTree = "<group>"; };
		1DB1D74438267828D1D72F7F /* RewardedAdView.swift */ = {isa = PBXFileReference; lastKnownFileType = sourcecode.swift; path = RewardedAdView.swift; sourceTree = "<group>"; };
		1EEB2901D7848058D7CC2AAD /* UpdateRequiredView.swift */ = {isa = PBXFileReference; lastKnownFileType = sourcecode.swift; path = UpdateRequiredView.swift; sourceTree = "<group>"; };
		1F8A7C4918F704152B465049 /* AdService.swift */ = {isa = PBXFileReference; lastKnownFileType = sourcecode.swift; path = AdService.swift; sourceTree = "<group>"; };
		2683A09A4E9C65626B63B3A1 /* CurrencyRowView.swift */ = {isa = PBXFileReference; lastKnownFileType = sourcecode.swift; path = CurrencyRowView.swift; sourceTree = "<group>"; };
		278280FD697FEDD79881D094 /* RewardedAdService.swift */ = {isa = PBXFileReference; lastKnownFileType = sourcecode.swift; path = RewardedAdService.swift; sourceTree = "<group>"; };
		2A1B2B61DCAF110550897C8A /* Components.swift */ = {isa = PBXFileReference; lastKnownFileType = sourcecode.swift; path = Components.swift; sourceTree = "<group>"; };
		2BD8241A50096A073B3DDAD6 /* star_premium_clean_1024x1024.png */ = {isa = PBXFileReference; lastKnownFileType = image.png; path = star_premium_clean_1024x1024.png; sourceTree = "<group>"; };
		3265FDF798774107AFE72B12 /* BackgroundService.swift */ = {isa = PBXFileReference; lastKnownFileType = sourcecode.swift; path = BackgroundService.swift; sourceTree = "<group>"; };
		39E704D05FFEDDB62D9DEF9E /* AdBannerView.swift */ = {isa = PBXFileReference; lastKnownFileType = sourcecode.swift; path = AdBannerView.swift; sourceTree = "<group>"; };
		44174054BC9B82F8B106F95C /* ContentView.swift */ = {isa = PBXFileReference; lastKnownFileType = sourcecode.swift; path = ContentView.swift; sourceTree = "<group>"; };
		48C60DB4F9775E4EBA8FA59A /* ColorPalette.swift */ = {isa = PBXFileReference; lastKnownFileType = sourcecode.swift; path = ColorPalette.swift; sourceTree = "<group>"; };
		4A04636B9485BA6486314D9E /* SettingsView.swift */ = {isa = PBXFileReference; lastKnownFileType = sourcecode.swift; path = SettingsView.swift; sourceTree = "<group>"; };
		500B712C20EAD921F549D121 /* MainListView.swift */ = {isa = PBXFileReference; lastKnownFileType = sourcecode.swift; path = MainListView.swift; sourceTree = "<group>"; };
		5662F467D00C205126E15956 /* DeployOld.xcconfig */ = {isa = PBXFileReference; lastKnownFileType = text.xcconfig; path = DeployOld.xcconfig; sourceTree = "<group>"; };
		58DB194544F7A0CBEB93C5D2 /* AdBannerRepresentable.swift */ = {isa = PBXFileReference; lastKnownFileType = sourcecode.swift; path = AdBannerRepresentable.swift; sourceTree = "<group>"; };
		5922C4142D30494A520B5D2A /* DesignSystem.swift */ = {isa = PBXFileReference; lastKnownFileType = sourcecode.swift; path = DesignSystem.swift; sourceTree = "<group>"; };
		68C1170118A2AF2DADBB5BB4 /* SettingsService.swift */ = {isa = PBXFileReference; lastKnownFileType = sourcecode.swift; path = SettingsService.swift; sourceTree = "<group>"; };
		70EE793C1838BFF2EACEA2E8 /* Debug.xcconfig */ = {isa = PBXFileReference; lastKnownFileType = text.xcconfig; path = Debug.xcconfig; sourceTree = "<group>"; };
		736CC7E5996D8A7D4ED957A0 /* Release.xcconfig */ = {isa = PBXFileReference; lastKnownFileType = text.xcconfig; path = Release.xcconfig; sourceTree = "<group>"; };
		7392B7CF6A4D52D513E98643 /* CoreDataStack.swift */ = {isa = PBXFileReference; lastKnownFileType = sourcecode.swift; path = CoreDataStack.swift; sourceTree = "<group>"; };
		7FE12CEA97389A32362E432B /* Pods-Convertik.deploynew.xcconfig */ = {isa = PBXFileReference; includeInIndex = 1; lastKnownFileType = text.xcconfig; name = "Pods-Convertik.deploynew.xcconfig"; path = "Target Support Files/Pods-Convertik/Pods-Convertik.deploynew.xcconfig"; sourceTree = "<group>"; };
		88BA5CF1F4CAEBBD2801AB49 /* DebugNew.xcconfig */ = {isa = PBXFileReference; lastKnownFileType = text.xcconfig; path = DebugNew.xcconfig; sourceTree = "<group>"; };
		8F7DE81E80804D42D42052FD /* Pods-Convertik.debugnew.xcconfig */ = {isa = PBXFileReference; includeInIndex = 1; lastKnownFileType = text.xcconfig; name = "Pods-Convertik.debugnew.xcconfig"; path = "Target Support Files/Pods-Convertik/Pods-Convertik.debugnew.xcconfig"; sourceTree = "<group>"; };
		9F375EEE77199B19B5A09EE9 /* Pods_Convertik.framework */ = {isa = PBXFileReference; explicitFileType = wrapper.framework; includeInIndex = 0; path = Pods_Convertik.framework; sourceTree = BUILT_PRODUCTS_DIR; };
		AB10EB238E92F1D9E0096C61 /* ConversionService.swift */ = {isa = PBXFileReference; lastKnownFileType = sourcecode.swift; path = ConversionService.swift; sourceTree = "<group>"; };
		AD9FAAC5602ECD6DCC045326 /* Pods-Convertik.debug.xcconfig */ = {isa = PBXFileReference; includeInIndex = 1; lastKnownFileType = text.xcconfig; name = "Pods-Convertik.debug.xcconfig"; path = "Target Support Files/Pods-Convertik/Pods-Convertik.debug.xcconfig"; sourceTree = "<group>"; };
		AFD2C577D0DE55594174D842 /* ConvertikApp.swift */ = {isa = PBXFileReference; lastKnownFileType = sourcecode.swift; path = ConvertikApp.swift; sourceTree = "<group>"; };
		B09C49DACA90E8BFC7C32EF8 /* RateEntity+CoreDataClass.swift */ = {isa = PBXFileReference; lastKnownFileType = sourcecode.swift; path = "RateEntity+CoreDataClass.swift"; sourceTree = "<group>"; };
		B1B9E0E86D99C1352D92E139 /* ThemeService.swift */ = {isa = PBXFileReference; lastKnownFileType = sourcecode.swift; path = ThemeService.swift; sourceTree = "<group>"; };
		B53F6DA502B4C0C957A8D894 /* SceneDelegate.swift */ = {isa = PBXFileReference; lastKnownFileType = sourcecode.swift; path = SceneDelegate.swift; sourceTree = "<group>"; };
		B702A6BB882C5E80F08E0946 /* RatesRepository.swift */ = {isa = PBXFileReference; lastKnownFileType = sourcecode.swift; path = RatesRepository.swift; sourceTree = "<group>"; };
		C0FD5CAACC7D2C5F0DFDD65B /* PaywallView.swift */ = {isa = PBXFileReference; lastKnownFileType = sourcecode.swift; path = PaywallView.swift; sourceTree = "<group>"; };
		C20D9C352254817F4E94C43E /* AnalyticsService.swift */ = {isa = PBXFileReference; lastKnownFileType = sourcecode.swift; path = AnalyticsService.swift; sourceTree = "<group>"; };
		C34595F1F0E2E1951ED9BA3D /* Rate.swift */ = {isa = PBXFileReference; lastKnownFileType = sourcecode.swift; path = Rate.swift; sourceTree = "<group>"; };
		C40CECF3C8CCAFAE6620B72B /* Pods-Convertik.deployold.xcconfig */ = {isa = PBXFileReference; includeInIndex = 1; lastKnownFileType = text.xcconfig; name = "Pods-Convertik.deployold.xcconfig"; path = "Target Support Files/Pods-Convertik/Pods-Convertik.deployold.xcconfig"; sourceTree = "<group>"; };
		CA0DF738BEE5ABE3E5C725DA /* ThemePreviewView.swift */ = {isa = PBXFileReference; lastKnownFileType = sourcecode.swift; path = ThemePreviewView.swift; sourceTree = "<group>"; };
		CFC5246EE34A33B59848B671 /* InterstitialAdService.swift */ = {isa = PBXFileReference; lastKnownFileType = sourcecode.swift; path = InterstitialAdService.swift; sourceTree = "<group>"; };
		D06801B82FB7652D862A9C9F /* Assets.xcassets */ = {isa = PBXFileReference; lastKnownFileType = folder.assetcatalog; path = Assets.xcassets; sourceTree = "<group>"; };
		D0940F69ED0A430D656997AC /* DeployNew.xcconfig */ = {isa = PBXFileReference; lastKnownFileType = text.xcconfig; path = DeployNew.xcconfig; sourceTree = "<group>"; };
		D58AF660130C11D152C46CD0 /* StoreService.swift */ = {isa = PBXFileReference; lastKnownFileType = sourcecode.swift; path = StoreService.swift; sourceTree = "<group>"; };
		D73E5ACE20DAD35FFAAE0144 /* MainListViewModel.swift */ = {isa = PBXFileReference; lastKnownFileType = sourcecode.swift; path = MainListViewModel.swift; sourceTree = "<group>"; };
		DA136F3375AA8EE040270B1B /* Convertik.app */ = {isa = PBXFileReference; includeInIndex = 0; lastKnownFileType = wrapper.application; path = Convertik.app; sourceTree = BUILT_PRODUCTS_DIR; };
		DA4A2E9A88A1DE59C2C8F526 /* UserCurrency.swift */ = {isa = PBXFileReference; lastKnownFileType = sourcecode.swift; path = UserCurrency.swift; sourceTree = "<group>"; };
		DB0D1F118510CA58BBA43556 /* APIService.swift */ = {isa = PBXFileReference; lastKnownFileType = sourcecode.swift; path = APIService.swift; sourceTree = "<group>"; };
		E56F7572D799B40226A6DF91 /* ConvertikDataModel.xcdatamodel */ = {isa = PBXFileReference; lastKnownFileType = wrapper.xcdatamodel; path = ConvertikDataModel.xcdatamodel; sourceTree = "<group>"; };
		E5F3FF07B4AA25A2E65F8E90 /* star_premium_clean.svg */ = {isa = PBXFileReference; path = star_premium_clean.svg; sourceTree = "<group>"; };
		EFB013420F27F0AB42BA95CD /* APIModels.swift */ = {isa = PBXFileReference; lastKnownFileType = sourcecode.swift; path = APIModels.swift; sourceTree = "<group>"; };
		FDEF3F07AE512E2B9B29012F /* UserCurrencyEntity+CoreDataClass.swift */ = {isa = PBXFileReference; lastKnownFileType = sourcecode.swift; path = "UserCurrencyEntity+CoreDataClass.swift"; sourceTree = "<group>"; };
		FE4CFC624A438422BD75BF7A /* DebugOld.xcconfig */ = {isa = PBXFileReference; lastKnownFileType = text.xcconfig; path = DebugOld.xcconfig; sourceTree = "<group>"; };
/* End PBXFileReference section */

/* Begin PBXFrameworksBuildPhase section */
		299E9C81021DB0DA8125F6EB /* Frameworks */ = {
			isa = PBXFrameworksBuildPhase;
			buildActionMask = 2147483647;
			files = (
				1C28EAAC1606CDCB290FCD81 /* Pods_Convertik.framework in Frameworks */,
			);
			runOnlyForDeploymentPostprocessing = 0;
		};
/* End PBXFrameworksBuildPhase section */

/* Begin PBXGroup section */
		1417590BE3CDE540E2A58F34 /* Views */ = {
			isa = PBXGroup;
			children = (
				4A04636B9485BA6486314D9E /* SettingsView.swift */,
			);
			path = Views;
			sourceTree = "<group>";
		};
		1BD44733F210C35C4CE54345 /* Components */ = {
			isa = PBXGroup;
			children = (
				58DB194544F7A0CBEB93C5D2 /* AdBannerRepresentable.swift */,
				39E704D05FFEDDB62D9DEF9E /* AdBannerView.swift */,
				0A09C2BF894B84AC3983A0A7 /* InterstitialAdView.swift */,
				1DB1D74438267828D1D72F7F /* RewardedAdView.swift */,
			);
			path = Components;
			sourceTree = "<group>";
		};
		1F48656B267F839A4F542F5E = {
			isa = PBXGroup;
			children = (
				46FA768462331FAA88A944A6 /* Configs */,
				D34D63D91BAE744CAEAFFA58 /* Convertik */,
				25C6848C13264F8C54A7F4C4 /* Products */,
				939A8F5538B97C94E571B7F5 /* Pods */,
				9BCE970015AD90D7C84ACA9E /* Frameworks */,
			);
			sourceTree = "<group>";
		};
		25C6848C13264F8C54A7F4C4 /* Products */ = {
			isa = PBXGroup;
			children = (
				DA136F3375AA8EE040270B1B /* Convertik.app */,
			);
			name = Products;
			sourceTree = "<group>";
		};
		34A8CD57C9254314B2D54CC3 /* Views */ = {
			isa = PBXGroup;
			children = (
				C0FD5CAACC7D2C5F0DFDD65B /* PaywallView.swift */,
				1EEB2901D7848058D7CC2AAD /* UpdateRequiredView.swift */,
			);
			path = Views;
			sourceTree = "<group>";
		};
		3F0D25293B4E17ECBD3EEF04 /* App */ = {
			isa = PBXGroup;
			children = (
				44174054BC9B82F8B106F95C /* ContentView.swift */,
				AFD2C577D0DE55594174D842 /* ConvertikApp.swift */,
				B53F6DA502B4C0C957A8D894 /* SceneDelegate.swift */,
			);
			path = App;
			sourceTree = "<group>";
		};
		46FA768462331FAA88A944A6 /* Configs */ = {
			isa = PBXGroup;
			children = (
				70EE793C1838BFF2EACEA2E8 /* Debug.xcconfig */,
				88BA5CF1F4CAEBBD2801AB49 /* DebugNew.xcconfig */,
				FE4CFC624A438422BD75BF7A /* DebugOld.xcconfig */,
				D0940F69ED0A430D656997AC /* DeployNew.xcconfig */,
				5662F467D00C205126E15956 /* DeployOld.xcconfig */,
				736CC7E5996D8A7D4ED957A0 /* Release.xcconfig */,
			);
			path = Configs;
			sourceTree = "<group>";
		};
		4A64769460517069398D35FA /* Views */ = {
			isa = PBXGroup;
			children = (
				2683A09A4E9C65626B63B3A1 /* CurrencyRowView.swift */,
				500B712C20EAD921F549D121 /* MainListView.swift */,
			);
			path = Views;
			sourceTree = "<group>";
		};
		558D146F88BE057A21C4D961 /* Services */ = {
			isa = PBXGroup;
			children = (
				16D84348B0424DE7F836E0A4 /* AdConfig.swift */,
				1F8A7C4918F704152B465049 /* AdService.swift */,
				C20D9C352254817F4E94C43E /* AnalyticsService.swift */,
				DB0D1F118510CA58BBA43556 /* APIService.swift */,
				3265FDF798774107AFE72B12 /* BackgroundService.swift */,
				AB10EB238E92F1D9E0096C61 /* ConversionService.swift */,
				CFC5246EE34A33B59848B671 /* InterstitialAdService.swift */,
				B702A6BB882C5E80F08E0946 /* RatesRepository.swift */,
				278280FD697FEDD79881D094 /* RewardedAdService.swift */,
				68C1170118A2AF2DADBB5BB4 /* SettingsService.swift */,
				D58AF660130C11D152C46CD0 /* StoreService.swift */,
				B1B9E0E86D99C1352D92E139 /* ThemeService.swift */,
			);
			path = Services;
			sourceTree = "<group>";
		};
		5EEA6B62FBC453DDD608E664 /* DesignSystem */ = {
			isa = PBXGroup;
			children = (
				48C60DB4F9775E4EBA8FA59A /* ColorPalette.swift */,
				2A1B2B61DCAF110550897C8A /* Components.swift */,
				5922C4142D30494A520B5D2A /* DesignSystem.swift */,
				CA0DF738BEE5ABE3E5C725DA /* ThemePreviewView.swift */,
			);
			path = DesignSystem;
			sourceTree = "<group>";
		};
		60B82C47D37B9C0270BC6822 /* Paywall */ = {
			isa = PBXGroup;
			children = (
				34A8CD57C9254314B2D54CC3 /* Views */,
			);
			path = Paywall;
			sourceTree = "<group>";
		};
		939A8F5538B97C94E571B7F5 /* Pods */ = {
			isa = PBXGroup;
			children = (
				AD9FAAC5602ECD6DCC045326 /* Pods-Convertik.debug.xcconfig */,
				8F7DE81E80804D42D42052FD /* Pods-Convertik.debugnew.xcconfig */,
				0FEB0BE19F505968DF78424D /* Pods-Convertik.debugold.xcconfig */,
				7FE12CEA97389A32362E432B /* Pods-Convertik.deploynew.xcconfig */,
				C40CECF3C8CCAFAE6620B72B /* Pods-Convertik.deployold.xcconfig */,
				021A98A91508174819004D2D /* Pods-Convertik.release.xcconfig */,
			);
			name = Pods;
			path = Pods;
			sourceTree = "<group>";
		};
		9BCE970015AD90D7C84ACA9E /* Frameworks */ = {
			isa = PBXGroup;
			children = (
				9F375EEE77199B19B5A09EE9 /* Pods_Convertik.framework */,
			);
			name = Frameworks;
			sourceTree = "<group>";
		};
		A48EEA9C5425C7B6DF9285E3 /* Persistence */ = {
			isa = PBXGroup;
			children = (
				C06E3EA188107AA572C815BD /* ConvertikDataModel.xcdatamodeld */,
				7392B7CF6A4D52D513E98643 /* CoreDataStack.swift */,
				B09C49DACA90E8BFC7C32EF8 /* RateEntity+CoreDataClass.swift */,
				FDEF3F07AE512E2B9B29012F /* UserCurrencyEntity+CoreDataClass.swift */,
			);
			path = Persistence;
			sourceTree = "<group>";
		};
		AB6B9E7DDD6182744CB5F76B /* AddCurrency */ = {
			isa = PBXGroup;
			children = (
				C703E07B587A88E4B7996088 /* Views */,
			);
			path = AddCurrency;
			sourceTree = "<group>";
		};
		B0A9E5AEE3935089C8763E5B /* Settings */ = {
			isa = PBXGroup;
			children = (
				1417590BE3CDE540E2A58F34 /* Views */,
			);
			path = Settings;
			sourceTree = "<group>";
		};
		B520EE43F71A493EE7EABC74 /* SubscriptionIcons */ = {
			isa = PBXGroup;
			children = (
				2BD8241A50096A073B3DDAD6 /* star_premium_clean_1024x1024.png */,
				E5F3FF07B4AA25A2E65F8E90 /* star_premium_clean.svg */,
			);
			path = SubscriptionIcons;
			sourceTree = "<group>";
		};
		B9F2DFB8F01DB16E98745265 /* Models */ = {
			isa = PBXGroup;
			children = (
				EFB013420F27F0AB42BA95CD /* APIModels.swift */,
				C34595F1F0E2E1951ED9BA3D /* Rate.swift */,
				DA4A2E9A88A1DE59C2C8F526 /* UserCurrency.swift */,
			);
			path = Models;
			sourceTree = "<group>";
		};
		C47AED10332C72F98F0F13A4 /* Resources */ = {
			isa = PBXGroup;
			children = (
				B520EE43F71A493EE7EABC74 /* SubscriptionIcons */,
				D06801B82FB7652D862A9C9F /* Assets.xcassets */,
			);
			path = Resources;
			sourceTree = "<group>";
		};
		C703E07B587A88E4B7996088 /* Views */ = {
			isa = PBXGroup;
			children = (
				141704D4367968EBA2F4C8CC /* AddCurrencyView.swift */,
			);
			path = Views;
			sourceTree = "<group>";
		};
		D34D63D91BAE744CAEAFFA58 /* Convertik */ = {
			isa = PBXGroup;
			children = (
				3F0D25293B4E17ECBD3EEF04 /* App */,
				1BD44733F210C35C4CE54345 /* Components */,
				5EEA6B62FBC453DDD608E664 /* DesignSystem */,
				B9F2DFB8F01DB16E98745265 /* Models */,
				F488D62959AEDF02A87F6895 /* Modules */,
				A48EEA9C5425C7B6DF9285E3 /* Persistence */,
				C47AED10332C72F98F0F13A4 /* Resources */,
				558D146F88BE057A21C4D961 /* Services */,
			);
			path = Convertik;
			sourceTree = "<group>";
		};
		DAC4109B3347672FCA15FB21 /* MainCurrencyList */ = {
			isa = PBXGroup;
			children = (
				E1204D446A3D162995D7D3ED /* ViewModel */,
				4A64769460517069398D35FA /* Views */,
			);
			path = MainCurrencyList;
			sourceTree = "<group>";
		};
		E1204D446A3D162995D7D3ED /* ViewModel */ = {
			isa = PBXGroup;
			children = (
				D73E5ACE20DAD35FFAAE0144 /* MainListViewModel.swift */,
			);
			path = ViewModel;
			sourceTree = "<group>";
		};
		F488D62959AEDF02A87F6895 /* Modules */ = {
			isa = PBXGroup;
			children = (
				AB6B9E7DDD6182744CB5F76B /* AddCurrency */,
				DAC4109B3347672FCA15FB21 /* MainCurrencyList */,
				60B82C47D37B9C0270BC6822 /* Paywall */,
				B0A9E5AEE3935089C8763E5B /* Settings */,
			);
			path = Modules;
			sourceTree = "<group>";
		};
/* End PBXGroup section */

/* Begin PBXNativeTarget section */
		A24412A872A5DCB8729596AC /* Convertik */ = {
			isa = PBXNativeTarget;
			buildConfigurationList = 43E22285C7020C9C184ED1C5 /* Build configuration list for PBXNativeTarget "Convertik" */;
			buildPhases = (
				AC72BDF484FF49584D7CBDB9 /* [CP] Check Pods Manifest.lock */,
				36097644B896D79319D99E29 /* Sources */,
				F9AEB818949A6DCDA57539B2 /* Resources */,
				299E9C81021DB0DA8125F6EB /* Frameworks */,
				1418FCBDBC5656CBE294E282 /* [CP] Copy Pods Resources */,
			);
			buildRules = (
			);
			dependencies = (
			);
			name = Convertik;
			productName = Convertik;
			productReference = DA136F3375AA8EE040270B1B /* Convertik.app */;
			productType = "com.apple.product-type.application";
		};
/* End PBXNativeTarget section */

/* Begin PBXProject section */
		16BED28B8EB50DE5E505FF8C /* Project object */ = {
			isa = PBXProject;
			attributes = {
				BuildIndependentTargetsInParallel = YES;
				LastUpgradeCheck = 1430;
			};
			buildConfigurationList = 4803F3A05AB60876F3D47B94 /* Build configuration list for PBXProject "Convertik" */;
			compatibilityVersion = "Xcode 14.0";
			developmentRegion = en;
			hasScannedForEncodings = 0;
			knownRegions = (
				Base,
				en,
			);
			mainGroup = 1F48656B267F839A4F542F5E;
			minimizedProjectReferenceProxies = 1;
			preferredProjectObjectVersion = 77;
			productRefGroup = 25C6848C13264F8C54A7F4C4 /* Products */;
			projectDirPath = "";
			projectRoot = "";
			targets = (
				A24412A872A5DCB8729596AC /* Convertik */,
			);
		};
/* End PBXProject section */

/* Begin PBXResourcesBuildPhase section */
		F9AEB818949A6DCDA57539B2 /* Resources */ = {
			isa = PBXResourcesBuildPhase;
			buildActionMask = 2147483647;
			files = (
				2393D02538B9B19C30B8BBAF /* Assets.xcassets in Resources */,
				D2CA80A623A501314A0291E1 /* star_premium_clean.svg in Resources */,
				4E7CE3422E39B32F07A276C4 /* star_premium_clean_1024x1024.png in Resources */,
			);
			runOnlyForDeploymentPostprocessing = 0;
		};
/* End PBXResourcesBuildPhase section */

/* Begin PBXShellScriptBuildPhase section */
		1418FCBDBC5656CBE294E282 /* [CP] Copy Pods Resources */ = {
			isa = PBXShellScriptBuildPhase;
			buildActionMask = 2147483647;
			files = (
			);
			inputFileListPaths = (
				"${PODS_ROOT}/Target Support Files/Pods-Convertik/Pods-Convertik-resources-${CONFIGURATION}-input-files.xcfilelist",
			);
			name = "[CP] Copy Pods Resources";
			outputFileListPaths = (
				"${PODS_ROOT}/Target Support Files/Pods-Convertik/Pods-Convertik-resources-${CONFIGURATION}-output-files.xcfilelist",
			);
			runOnlyForDeploymentPostprocessing = 0;
			shellPath = /bin/sh;
			shellScript = "\"${PODS_ROOT}/Target Support Files/Pods-Convertik/Pods-Convertik-resources.sh\"\n";
			showEnvVarsInLog = 0;
		};
		AC72BDF484FF49584D7CBDB9 /* [CP] Check Pods Manifest.lock */ = {
			isa = PBXShellScriptBuildPhase;
			buildActionMask = 2147483647;
			files = (
			);
			inputFileListPaths = (
			);
			inputPaths = (
				"${PODS_PODFILE_DIR_PATH}/Podfile.lock",
				"${PODS_ROOT}/Manifest.lock",
			);
			name = "[CP] Check Pods Manifest.lock";
			outputFileListPaths = (
			);
			outputPaths = (
				"$(DERIVED_FILE_DIR)/Pods-Convertik-checkManifestLockResult.txt",
			);
			runOnlyForDeploymentPostprocessing = 0;
			shellPath = /bin/sh;
			shellScript = "diff \"${PODS_PODFILE_DIR_PATH}/Podfile.lock\" \"${PODS_ROOT}/Manifest.lock\" > /dev/null\nif [ $? != 0 ] ; then\n    # print error to STDERR\n    echo \"error: The sandbox is not in sync with the Podfile.lock. Run 'pod install' or update your CocoaPods installation.\" >&2\n    exit 1\nfi\n# This output is used by Xcode 'outputs' to avoid re-running this script phase.\necho \"SUCCESS\" > \"${SCRIPT_OUTPUT_FILE_0}\"\n";
			showEnvVarsInLog = 0;
		};
/* End PBXShellScriptBuildPhase section */

/* Begin PBXSourcesBuildPhase section */
		36097644B896D79319D99E29 /* Sources */ = {
			isa = PBXSourcesBuildPhase;
			buildActionMask = 2147483647;
			files = (
				D8474A5BED2FAA3C8D6AB3D0 /* APIModels.swift in Sources */,
				4E1B5CA7BE775D506A574B81 /* APIService.swift in Sources */,
				C6084E773F4DF76BA50AE61D /* AdBannerRepresentable.swift in Sources */,
				DECE878E800CF5177DDF5E69 /* AdBannerView.swift in Sources */,
				44F8AD80F19AC341E577DBF1 /* AdConfig.swift in Sources */,
				FDC63EA1933637944ED40D0F /* AdService.swift in Sources */,
				ED2DF4A6B3C468556F58CA6B /* AddCurrencyView.swift in Sources */,
				1D1EB01E574640E97C294B85 /* AnalyticsService.swift in Sources */,
				05046AECF787DF0509CF2A24 /* BackgroundService.swift in Sources */,
				D315ECC53E9CDB4D40642BAF /* ColorPalette.swift in Sources */,
				718BECCAEC85D8A5A413AA7E /* Components.swift in Sources */,
				2D043751FE6557E89C01737B /* ContentView.swift in Sources */,
				0836340A7C6462AFC164ED2D /* ConversionService.swift in Sources */,
				1CC6FA46CECBAADD322235DC /* ConvertikApp.swift in Sources */,
				445855EBDB6D64A7E92C4FC9 /* ConvertikDataModel.xcdatamodeld in Sources */,
				E9E69A99A4050B4AEE799027 /* CoreDataStack.swift in Sources */,
				30BA57E082106645B503A1CC /* CurrencyRowView.swift in Sources */,
				7F154D44926A74B9BA9DF17D /* DesignSystem.swift in Sources */,
				29DD1882E34C49055649EB54 /* InterstitialAdService.swift in Sources */,
				494E156B5D9F8CE039E39389 /* InterstitialAdView.swift in Sources */,
				B73941EEDBDFEF590ED1825C /* MainListView.swift in Sources */,
				1FB87A221B2CE1CF11E2D7DD /* MainListViewModel.swift in Sources */,
				6E9A1C416722426FC639EB5D /* PaywallView.swift in Sources */,
				D0DC1E84340142E9623A8773 /* Rate.swift in Sources */,
				92CAA73AA6BC3E0BE4ABBB91 /* RateEntity+CoreDataClass.swift in Sources */,
				394FAE3B16182B97A9E5AB36 /* RatesRepository.swift in Sources */,
				99AAF8EAD2EDAEF3475E5738 /* RewardedAdService.swift in Sources */,
				F0876FD22A108E259061B896 /* RewardedAdView.swift in Sources */,
				3B1A8BF3673395BEC4BB8A0F /* SceneDelegate.swift in Sources */,
				B60BC683B933A594007EC707 /* SettingsService.swift in Sources */,
				4C350EE09AFCD07A83E0305B /* SettingsView.swift in Sources */,
				789D40E36A4B3DDA2256F57F /* StoreService.swift in Sources */,
				7D6D3429C6A74506711414FF /* ThemePreviewView.swift in Sources */,
				317DFF6066A9CC4F7032B311 /* ThemeService.swift in Sources */,
				7A3C7B0F512A5CF88B73B38E /* UpdateRequiredView.swift in Sources */,
				5BCC914FD6646725C1419192 /* UserCurrency.swift in Sources */,
				0322BB7B8C45069B5AEBC272 /* UserCurrencyEntity+CoreDataClass.swift in Sources */,
			);
			runOnlyForDeploymentPostprocessing = 0;
		};
/* End PBXSourcesBuildPhase section */

/* Begin XCBuildConfiguration section */
		02354AB50ECB8B1BF9D8D22F /* Debug */ = {
			isa = XCBuildConfiguration;
			buildSettings = {
				SDKROOT = iphoneos;
			};
			name = Debug;
		};
		036E2A560478DD0DDEA49F38 /* DeployNew */ = {
			isa = XCBuildConfiguration;
			buildSettings = {
				SDKROOT = iphoneos;
			};
			name = DeployNew;
		};
		1EF198D7635DDB0BEF38DE4B /* DeployNew */ = {
			isa = XCBuildConfiguration;
			baseConfigurationReference = 7FE12CEA97389A32362E432B /* Pods-Convertik.deploynew.xcconfig */;
			buildSettings = {
				ALWAYS_SEARCH_USER_PATHS = NO;
				ASSETCATALOG_COMPILER_APPICON_NAME = AppIcon;
				CLANG_USE_MODULES = YES;
				CODE_SIGN_IDENTITY = "iPhone Developer";
				ENABLE_MODULES = YES;
				INFOPLIST_FILE = Info.plist;
				IPHONEOS_DEPLOYMENT_TARGET = 15.0;
				LD_RUNPATH_SEARCH_PATHS = (
					"$(inherited)",
					"@executable_path/Frameworks",
				);
				PRODUCT_BUNDLE_IDENTIFIER = com.azg.Convertik;
				PRODUCT_NAME = "$(TARGET_NAME)";
				SDKROOT = iphoneos;
				SWIFT_VERSION = 5.9;
				TARGETED_DEVICE_FAMILY = "1,2";
			};
			name = DeployNew;
		};
		20AF9F7DC48338A8DD4A4DC3 /* Release */ = {
			isa = XCBuildConfiguration;
			baseConfigurationReference = 021A98A91508174819004D2D /* Pods-Convertik.release.xcconfig */;
			buildSettings = {
				ALWAYS_SEARCH_USER_PATHS = NO;
				ASSETCATALOG_COMPILER_APPICON_NAME = AppIcon;
				CLANG_USE_MODULES = YES;
				CODE_SIGN_IDENTITY = "iPhone Developer";
				ENABLE_MODULES = YES;
				INFOPLIST_FILE = Info.plist;
				IPHONEOS_DEPLOYMENT_TARGET = 15.0;
				LD_RUNPATH_SEARCH_PATHS = (
					"$(inherited)",
					"@executable_path/Frameworks",
				);
				PRODUCT_BUNDLE_IDENTIFIER = com.azg.Convertik;
				PRODUCT_NAME = "$(TARGET_NAME)";
				SDKROOT = iphoneos;
				SWIFT_VERSION = 5.9;
				TARGETED_DEVICE_FAMILY = "1,2";
			};
			name = Release;
		};
		30A77CE0247B5F6B865C40E2 /* DeployOld */ = {
			isa = XCBuildConfiguration;
			baseConfigurationReference = C40CECF3C8CCAFAE6620B72B /* Pods-Convertik.deployold.xcconfig */;
			buildSettings = {
				ALWAYS_SEARCH_USER_PATHS = NO;
				ASSETCATALOG_COMPILER_APPICON_NAME = AppIcon;
				CLANG_USE_MODULES = YES;
				CODE_SIGN_IDENTITY = "iPhone Developer";
				ENABLE_MODULES = YES;
				INFOPLIST_FILE = Info.plist;
				IPHONEOS_DEPLOYMENT_TARGET = 15.0;
				LD_RUNPATH_SEARCH_PATHS = (
					"$(inherited)",
					"@executable_path/Frameworks",
				);
				PRODUCT_BUNDLE_IDENTIFIER = com.azg.Convertik;
				PRODUCT_NAME = "$(TARGET_NAME)";
				SDKROOT = iphoneos;
				SWIFT_VERSION = 5.9;
				TARGETED_DEVICE_FAMILY = "1,2";
			};
			name = DeployOld;
		};
		327E61693B1B0085BF15F5B3 /* Debug */ = {
			isa = XCBuildConfiguration;
			baseConfigurationReference = AD9FAAC5602ECD6DCC045326 /* Pods-Convertik.debug.xcconfig */;
			buildSettings = {
				ALWAYS_SEARCH_USER_PATHS = NO;
				ASSETCATALOG_COMPILER_APPICON_NAME = AppIcon;
				CLANG_USE_MODULES = YES;
				CODE_SIGN_IDENTITY = "iPhone Developer";
				ENABLE_MODULES = YES;
				INFOPLIST_FILE = Info.plist;
				IPHONEOS_DEPLOYMENT_TARGET = 15.0;
				LD_RUNPATH_SEARCH_PATHS = (
					"$(inherited)",
					"@executable_path/Frameworks",
				);
				PRODUCT_BUNDLE_IDENTIFIER = com.azg.Convertik;
				PRODUCT_NAME = "$(TARGET_NAME)";
				SDKROOT = iphoneos;
				SWIFT_VERSION = 5.9;
				TARGETED_DEVICE_FAMILY = "1,2";
			};
			name = Debug;
		};
		76BB92DEC4AB73A1D6925267 /* Release */ = {
			isa = XCBuildConfiguration;
			buildSettings = {
				SDKROOT = iphoneos;
			};
			name = Release;
		};
		BE74CC3173F7C72ADBC8E0C7 /* DebugNew */ = {
			isa = XCBuildConfiguration;
			buildSettings = {
				SDKROOT = iphoneos;
			};
			name = DebugNew;
		};
		DBF0D96100B1063689D8A54E /* DebugNew */ = {
			isa = XCBuildConfiguration;
			baseConfigurationReference = 8F7DE81E80804D42D42052FD /* Pods-Convertik.debugnew.xcconfig */;
			buildSettings = {
				ALWAYS_SEARCH_USER_PATHS = NO;
				ASSETCATALOG_COMPILER_APPICON_NAME = AppIcon;
				CLANG_USE_MODULES = YES;
				CODE_SIGN_IDENTITY = "iPhone Developer";
				ENABLE_MODULES = YES;
				INFOPLIST_FILE = Info.plist;
				IPHONEOS_DEPLOYMENT_TARGET = 15.0;
				LD_RUNPATH_SEARCH_PATHS = (
					"$(inherited)",
					"@executable_path/Frameworks",
				);
				PRODUCT_BUNDLE_IDENTIFIER = com.azg.Convertik;
				PRODUCT_NAME = "$(TARGET_NAME)";
				SDKROOT = iphoneos;
				SWIFT_VERSION = 5.9;
				TARGETED_DEVICE_FAMILY = "1,2";
			};
			name = DebugNew;
		};
		F940D35D4D9F83EFEC20FB99 /* DebugOld */ = {
			isa = XCBuildConfiguration;
			buildSettings = {
				SDKROOT = iphoneos;
			};
			name = DebugOld;
		};
		FC41066CEADF546B1DBA8EC5 /* DeployOld */ = {
			isa = XCBuildConfiguration;
			buildSettings = {
				SDKROOT = iphoneos;
			};
			name = DeployOld;
		};
		FDD237E81A87612823B9C669 /* DebugOld */ = {
			isa = XCBuildConfiguration;
			baseConfigurationReference = 0FEB0BE19F505968DF78424D /* Pods-Convertik.debugold.xcconfig */;
			buildSettings = {
				ALWAYS_SEARCH_USER_PATHS = NO;
				ASSETCATALOG_COMPILER_APPICON_NAME = AppIcon;
				CLANG_USE_MODULES = YES;
				CODE_SIGN_IDENTITY = "iPhone Developer";
				ENABLE_MODULES = YES;
				INFOPLIST_FILE = Info.plist;
				IPHONEOS_DEPLOYMENT_TARGET = 15.0;
				LD_RUNPATH_SEARCH_PATHS = (
					"$(inherited)",
					"@executable_path/Frameworks",
				);
				PRODUCT_BUNDLE_IDENTIFIER = com.azg.Convertik;
				PRODUCT_NAME = "$(TARGET_NAME)";
				SDKROOT = iphoneos;
				SWIFT_VERSION = 5.9;
				TARGETED_DEVICE_FAMILY = "1,2";
			};
			name = DebugOld;
		};
/* End XCBuildConfiguration section */

/* Begin XCConfigurationList section */
		43E22285C7020C9C184ED1C5 /* Build configuration list for PBXNativeTarget "Convertik" */ = {
			isa = XCConfigurationList;
			buildConfigurations = (
				327E61693B1B0085BF15F5B3 /* Debug */,
				DBF0D96100B1063689D8A54E /* DebugNew */,
				FDD237E81A87612823B9C669 /* DebugOld */,
				1EF198D7635DDB0BEF38DE4B /* DeployNew */,
				30A77CE0247B5F6B865C40E2 /* DeployOld */,
				20AF9F7DC48338A8DD4A4DC3 /* Release */,
			);
			defaultConfigurationIsVisible = 0;
			defaultConfigurationName = Debug;
		};
		4803F3A05AB60876F3D47B94 /* Build configuration list for PBXProject "Convertik" */ = {
			isa = XCConfigurationList;
			buildConfigurations = (
				02354AB50ECB8B1BF9D8D22F /* Debug */,
				BE74CC3173F7C72ADBC8E0C7 /* DebugNew */,
				F940D35D4D9F83EFEC20FB99 /* DebugOld */,
				036E2A560478DD0DDEA49F38 /* DeployNew */,
				FC41066CEADF546B1DBA8EC5 /* DeployOld */,
				76BB92DEC4AB73A1D6925267 /* Release */,
			);
			defaultConfigurationIsVisible = 0;
			defaultConfigurationName = Debug;
		};
/* End XCConfigurationList section */

/* Begin XCVersionGroup section */
		C06E3EA188107AA572C815BD /* ConvertikDataModel.xcdatamodeld */ = {
			isa = XCVersionGroup;
			children = (
				E56F7572D799B40226A6DF91 /* ConvertikDataModel.xcdatamodel */,
			);
			currentVersion = E56F7572D799B40226A6DF91 /* ConvertikDataModel.xcdatamodel */;
			path = ConvertikDataModel.xcdatamodeld;
			sourceTree = "<group>";
			versionGroupType = wrapper.xcdatamodel;
		};
/* End XCVersionGroup section */
	};
	rootObject = 16BED28B8EB50DE5E505FF8C /* Project object */;
}
